
Microsoft Visual Studio Solution File, Format Version 12.00
Project("{FAE04EC0-301F-11D3-BF4B-00C04F79EFBC}") = "BaseApi", "BaseApi\BaseApi.csproj", "{62F5F038-C2B1-4DBA-BB78-36D224294124}"
EndProject
Project("{2150E333-8FDC-42A3-9474-1A3956D46DE8}") = "BaseApi", "BaseApi", "{DBF8B4E4-336C-400F-8B0A-C5ED3FEA89EE}"
EndProject
Project("{2150E333-8FDC-42A3-9474-1A3956D46DE8}") = "PostMicroservice", "PostMicroservice", "{299F2D60-8CBE-461A-B2C4-F2493149FF94}"
EndProject
Project("{2150E333-8FDC-42A3-9474-1A3956D46DE8}") = "ChatsMicroservice", "ChatsMicroservice", "{E6EC0371-9C43-4482-B5A3-3B1C3B74C51A}"
EndProject
Project("{2150E333-8FDC-42A3-9474-1A3956D46DE8}") = "JobOfferMicroservice", "JobOfferMicroservice", "{208D54E9-05DE-4F7F-8950-A3C16DB59681}"
EndProject
Project("{FAE04EC0-301F-11D3-BF4B-00C04F79EFBC}") = "BaseApi.Model", "BaseApi.Model\BaseApi.Model.csproj", "{ED5B7EA9-D104-4713-A3B9-75A604CB7378}"
EndProject
Project("{FAE04EC0-301F-11D3-BF4B-00C04F79EFBC}") = "BaseApi.Services", "BaseApi.Services\BaseApi.Services.csproj", "{463ED7B1-BEAA-4D78-84AC-A8F19A299862}"
EndProject
Project("{2150E333-8FDC-42A3-9474-1A3956D46DE8}") = "Shared", "Shared", "{6A6FDD23-28B7-48B7-A648-3BC1C3934691}"
EndProject
Project("{FAE04EC0-301F-11D3-BF4B-00C04F79EFBC}") = "Shared", "Shared\Shared.csproj", "{3B452851-25DD-4B51-BA6E-D82FBA5413E5}"
EndProject
Project("{FAE04EC0-301F-11D3-BF4B-00C04F79EFBC}") = "Posts.Model", "Posts.Model\Posts.Model.csproj", "{3AD5C19A-B4E4-4A26-BB35-3621ECACC5B9}"
EndProject
Project("{FAE04EC0-301F-11D3-BF4B-00C04F79EFBC}") = "Chats.Model", "Chats.Model\Chats.Model.csproj", "{0F20A0AC-6980-4FA5-811E-FE0CC3236094}"
EndProject
Project("{FAE04EC0-301F-11D3-BF4B-00C04F79EFBC}") = "Posts.Messages", "Posts.Messages\Posts.Messages.csproj", "{A43A1728-F31A-4672-8BC5-52DAE36E72CF}"
EndProject
Project("{FAE04EC0-301F-11D3-BF4B-00C04F79EFBC}") = "Posts.Handlers", "Posts.Handlers\Posts.Handlers.csproj", "{A21BA158-3795-44C8-A8E2-34CDC239F79E}"
EndProject
Project("{FAE04EC0-301F-11D3-BF4B-00C04F79EFBC}") = "Chats.Handlers", "Chats.Handlers\Chats.Handlers.csproj", "{F70F5CF0-2847-4EC8-8D82-85DC0471CBF3}"
EndProject
Project("{FAE04EC0-301F-11D3-BF4B-00C04F79EFBC}") = "Users.Graph.Handlers", "Users.Graph.Handlers\Users.Graph.Handlers.csproj", "{063AF5F8-5341-4041-962E-A7FB77B552F8}"
EndProject
Project("{2150E333-8FDC-42A3-9474-1A3956D46DE8}") = "UsersGraphMicroservice", "UsersGraphMicroservice", "{DE1F2C55-D384-4362-9538-9EC0D4A6252D}"
EndProject
Project("{FAE04EC0-301F-11D3-BF4B-00C04F79EFBC}") = "Users.Graph.Model", "Users.Graph.Model\Users.Graph.Model.csproj", "{4B398EB4-3B43-412B-B8AF-1255CE671711}"
EndProject
Project("{FAE04EC0-301F-11D3-BF4B-00C04F79EFBC}") = "Users.Graph.Messages", "Users.Graph.Messages\Users.Graph.Messages.csproj", "{B3214F80-5AE3-4198-868A-55F4F4731ED2}"
EndProject
Project("{FAE04EC0-301F-11D3-BF4B-00C04F79EFBC}") = "Chats.Messages", "Chats.Messages\Chats.Messages.csproj", "{E9704BEB-AB73-47DD-AD5B-780E37BD4CF7}"
EndProject
Project("{FAE04EC0-301F-11D3-BF4B-00C04F79EFBC}") = "BaseApi.Messages", "BaseApi.Messages\BaseApi.Messages.csproj", "{CD63396E-02E1-4B71-BB13-AB2B98B35F98}"
EndProject
Project("{FAE04EC0-301F-11D3-BF4B-00C04F79EFBC}") = "JobOffers.Handlers", "JobOffers.Handlers\JobOffers.Handlers.csproj", "{2A94121C-FA13-4E97-8A93-0DBDADB09BD9}"
EndProject
Project("{FAE04EC0-301F-11D3-BF4B-00C04F79EFBC}") = "JobOffers.Messages", "JobOffers.Messages\JobOffers.Messages.csproj", "{6AB1520A-7D00-4866-9B93-DEAAE3B79753}"
EndProject
Project("{FAE04EC0-301F-11D3-BF4B-00C04F79EFBC}") = "JobOffers.Model", "JobOffers.Model\JobOffers.Model.csproj", "{EE7D0183-F57C-44C1-806B-D1D8B6BC160A}"
EndProject
Global
	GlobalSection(SolutionConfigurationPlatforms) = preSolution
		Debug|Any CPU = Debug|Any CPU
		Release|Any CPU = Release|Any CPU
	EndGlobalSection
	GlobalSection(ProjectConfigurationPlatforms) = postSolution
		{62F5F038-C2B1-4DBA-BB78-36D224294124}.Debug|Any CPU.ActiveCfg = Debug|Any CPU
		{62F5F038-C2B1-4DBA-BB78-36D224294124}.Debug|Any CPU.Build.0 = Debug|Any CPU
		{62F5F038-C2B1-4DBA-BB78-36D224294124}.Release|Any CPU.ActiveCfg = Release|Any CPU
		{62F5F038-C2B1-4DBA-BB78-36D224294124}.Release|Any CPU.Build.0 = Release|Any CPU
		{ED5B7EA9-D104-4713-A3B9-75A604CB7378}.Debug|Any CPU.ActiveCfg = Debug|Any CPU
		{ED5B7EA9-D104-4713-A3B9-75A604CB7378}.Debug|Any CPU.Build.0 = Debug|Any CPU
		{ED5B7EA9-D104-4713-A3B9-75A604CB7378}.Release|Any CPU.ActiveCfg = Release|Any CPU
		{ED5B7EA9-D104-4713-A3B9-75A604CB7378}.Release|Any CPU.Build.0 = Release|Any CPU
		{463ED7B1-BEAA-4D78-84AC-A8F19A299862}.Debug|Any CPU.ActiveCfg = Debug|Any CPU
		{463ED7B1-BEAA-4D78-84AC-A8F19A299862}.Debug|Any CPU.Build.0 = Debug|Any CPU
		{463ED7B1-BEAA-4D78-84AC-A8F19A299862}.Release|Any CPU.ActiveCfg = Release|Any CPU
		{463ED7B1-BEAA-4D78-84AC-A8F19A299862}.Release|Any CPU.Build.0 = Release|Any CPU
		{3B452851-25DD-4B51-BA6E-D82FBA5413E5}.Debug|Any CPU.ActiveCfg = Debug|Any CPU
		{3B452851-25DD-4B51-BA6E-D82FBA5413E5}.Debug|Any CPU.Build.0 = Debug|Any CPU
		{3B452851-25DD-4B51-BA6E-D82FBA5413E5}.Release|Any CPU.ActiveCfg = Release|Any CPU
		{3B452851-25DD-4B51-BA6E-D82FBA5413E5}.Release|Any CPU.Build.0 = Release|Any CPU
		{3AD5C19A-B4E4-4A26-BB35-3621ECACC5B9}.Debug|Any CPU.ActiveCfg = Debug|Any CPU
		{3AD5C19A-B4E4-4A26-BB35-3621ECACC5B9}.Debug|Any CPU.Build.0 = Debug|Any CPU
		{3AD5C19A-B4E4-4A26-BB35-3621ECACC5B9}.Release|Any CPU.ActiveCfg = Release|Any CPU
		{3AD5C19A-B4E4-4A26-BB35-3621ECACC5B9}.Release|Any CPU.Build.0 = Release|Any CPU
		{0F20A0AC-6980-4FA5-811E-FE0CC3236094}.Debug|Any CPU.ActiveCfg = Debug|Any CPU
		{0F20A0AC-6980-4FA5-811E-FE0CC3236094}.Debug|Any CPU.Build.0 = Debug|Any CPU
		{0F20A0AC-6980-4FA5-811E-FE0CC3236094}.Release|Any CPU.ActiveCfg = Release|Any CPU
		{0F20A0AC-6980-4FA5-811E-FE0CC3236094}.Release|Any CPU.Build.0 = Release|Any CPU
		{A43A1728-F31A-4672-8BC5-52DAE36E72CF}.Debug|Any CPU.ActiveCfg = Debug|Any CPU
		{A43A1728-F31A-4672-8BC5-52DAE36E72CF}.Debug|Any CPU.Build.0 = Debug|Any CPU
		{A43A1728-F31A-4672-8BC5-52DAE36E72CF}.Release|Any CPU.ActiveCfg = Release|Any CPU
		{A43A1728-F31A-4672-8BC5-52DAE36E72CF}.Release|Any CPU.Build.0 = Release|Any CPU
		{A21BA158-3795-44C8-A8E2-34CDC239F79E}.Debug|Any CPU.ActiveCfg = Debug|Any CPU
		{A21BA158-3795-44C8-A8E2-34CDC239F79E}.Debug|Any CPU.Build.0 = Debug|Any CPU
		{A21BA158-3795-44C8-A8E2-34CDC239F79E}.Release|Any CPU.ActiveCfg = Release|Any CPU
		{A21BA158-3795-44C8-A8E2-34CDC239F79E}.Release|Any CPU.Build.0 = Release|Any CPU
		{F70F5CF0-2847-4EC8-8D82-85DC0471CBF3}.Debug|Any CPU.ActiveCfg = Debug|Any CPU
		{F70F5CF0-2847-4EC8-8D82-85DC0471CBF3}.Debug|Any CPU.Build.0 = Debug|Any CPU
		{F70F5CF0-2847-4EC8-8D82-85DC0471CBF3}.Release|Any CPU.ActiveCfg = Release|Any CPU
		{F70F5CF0-2847-4EC8-8D82-85DC0471CBF3}.Release|Any CPU.Build.0 = Release|Any CPU
		{063AF5F8-5341-4041-962E-A7FB77B552F8}.Debug|Any CPU.ActiveCfg = Debug|Any CPU
		{063AF5F8-5341-4041-962E-A7FB77B552F8}.Debug|Any CPU.Build.0 = Debug|Any CPU
		{063AF5F8-5341-4041-962E-A7FB77B552F8}.Release|Any CPU.ActiveCfg = Release|Any CPU
		{063AF5F8-5341-4041-962E-A7FB77B552F8}.Release|Any CPU.Build.0 = Release|Any CPU
		{4B398EB4-3B43-412B-B8AF-1255CE671711}.Debug|Any CPU.ActiveCfg = Debug|Any CPU
		{4B398EB4-3B43-412B-B8AF-1255CE671711}.Debug|Any CPU.Build.0 = Debug|Any CPU
		{4B398EB4-3B43-412B-B8AF-1255CE671711}.Release|Any CPU.ActiveCfg = Release|Any CPU
		{4B398EB4-3B43-412B-B8AF-1255CE671711}.Release|Any CPU.Build.0 = Release|Any CPU
		{B3214F80-5AE3-4198-868A-55F4F4731ED2}.Debug|Any CPU.ActiveCfg = Debug|Any CPU
		{B3214F80-5AE3-4198-868A-55F4F4731ED2}.Debug|Any CPU.Build.0 = Debug|Any CPU
		{B3214F80-5AE3-4198-868A-55F4F4731ED2}.Release|Any CPU.ActiveCfg = Release|Any CPU
		{B3214F80-5AE3-4198-868A-55F4F4731ED2}.Release|Any CPU.Build.0 = Release|Any CPU
		{E9704BEB-AB73-47DD-AD5B-780E37BD4CF7}.Debug|Any CPU.ActiveCfg = Debug|Any CPU
		{E9704BEB-AB73-47DD-AD5B-780E37BD4CF7}.Debug|Any CPU.Build.0 = Debug|Any CPU
		{E9704BEB-AB73-47DD-AD5B-780E37BD4CF7}.Release|Any CPU.ActiveCfg = Release|Any CPU
		{E9704BEB-AB73-47DD-AD5B-780E37BD4CF7}.Release|Any CPU.Build.0 = Release|Any CPU
		{CD63396E-02E1-4B71-BB13-AB2B98B35F98}.Debug|Any CPU.ActiveCfg = Debug|Any CPU
		{CD63396E-02E1-4B71-BB13-AB2B98B35F98}.Debug|Any CPU.Build.0 = Debug|Any CPU
		{CD63396E-02E1-4B71-BB13-AB2B98B35F98}.Release|Any CPU.ActiveCfg = Release|Any CPU
		{CD63396E-02E1-4B71-BB13-AB2B98B35F98}.Release|Any CPU.Build.0 = Release|Any CPU
		{2A94121C-FA13-4E97-8A93-0DBDADB09BD9}.Debug|Any CPU.ActiveCfg = Debug|Any CPU
		{2A94121C-FA13-4E97-8A93-0DBDADB09BD9}.Debug|Any CPU.Build.0 = Debug|Any CPU
		{2A94121C-FA13-4E97-8A93-0DBDADB09BD9}.Release|Any CPU.ActiveCfg = Release|Any CPU
		{2A94121C-FA13-4E97-8A93-0DBDADB09BD9}.Release|Any CPU.Build.0 = Release|Any CPU
		{6AB1520A-7D00-4866-9B93-DEAAE3B79753}.Debug|Any CPU.ActiveCfg = Debug|Any CPU
		{6AB1520A-7D00-4866-9B93-DEAAE3B79753}.Debug|Any CPU.Build.0 = Debug|Any CPU
		{6AB1520A-7D00-4866-9B93-DEAAE3B79753}.Release|Any CPU.ActiveCfg = Release|Any CPU
		{6AB1520A-7D00-4866-9B93-DEAAE3B79753}.Release|Any CPU.Build.0 = Release|Any CPU
		{EE7D0183-F57C-44C1-806B-D1D8B6BC160A}.Debug|Any CPU.ActiveCfg = Debug|Any CPU
		{EE7D0183-F57C-44C1-806B-D1D8B6BC160A}.Debug|Any CPU.Build.0 = Debug|Any CPU
		{EE7D0183-F57C-44C1-806B-D1D8B6BC160A}.Release|Any CPU.ActiveCfg = Release|Any CPU
		{EE7D0183-F57C-44C1-806B-D1D8B6BC160A}.Release|Any CPU.Build.0 = Release|Any CPU
	EndGlobalSection
	GlobalSection(NestedProjects) = preSolution
		{62F5F038-C2B1-4DBA-BB78-36D224294124} = {DBF8B4E4-336C-400F-8B0A-C5ED3FEA89EE}
		{ED5B7EA9-D104-4713-A3B9-75A604CB7378} = {DBF8B4E4-336C-400F-8B0A-C5ED3FEA89EE}
		{463ED7B1-BEAA-4D78-84AC-A8F19A299862} = {DBF8B4E4-336C-400F-8B0A-C5ED3FEA89EE}
		{3B452851-25DD-4B51-BA6E-D82FBA5413E5} = {6A6FDD23-28B7-48B7-A648-3BC1C3934691}
		{3AD5C19A-B4E4-4A26-BB35-3621ECACC5B9} = {299F2D60-8CBE-461A-B2C4-F2493149FF94}
		{0F20A0AC-6980-4FA5-811E-FE0CC3236094} = {E6EC0371-9C43-4482-B5A3-3B1C3B74C51A}
		{A43A1728-F31A-4672-8BC5-52DAE36E72CF} = {299F2D60-8CBE-461A-B2C4-F2493149FF94}
		{A21BA158-3795-44C8-A8E2-34CDC239F79E} = {299F2D60-8CBE-461A-B2C4-F2493149FF94}
		{F70F5CF0-2847-4EC8-8D82-85DC0471CBF3} = {E6EC0371-9C43-4482-B5A3-3B1C3B74C51A}
		{063AF5F8-5341-4041-962E-A7FB77B552F8} = {DE1F2C55-D384-4362-9538-9EC0D4A6252D}
		{4B398EB4-3B43-412B-B8AF-1255CE671711} = {DE1F2C55-D384-4362-9538-9EC0D4A6252D}
		{B3214F80-5AE3-4198-868A-55F4F4731ED2} = {DE1F2C55-D384-4362-9538-9EC0D4A6252D}
		{E9704BEB-AB73-47DD-AD5B-780E37BD4CF7} = {E6EC0371-9C43-4482-B5A3-3B1C3B74C51A}
		{CD63396E-02E1-4B71-BB13-AB2B98B35F98} = {DBF8B4E4-336C-400F-8B0A-C5ED3FEA89EE}
		{2A94121C-FA13-4E97-8A93-0DBDADB09BD9} = {208D54E9-05DE-4F7F-8950-A3C16DB59681}
		{6AB1520A-7D00-4866-9B93-DEAAE3B79753} = {208D54E9-05DE-4F7F-8950-A3C16DB59681}
		{EE7D0183-F57C-44C1-806B-D1D8B6BC160A} = {208D54E9-05DE-4F7F-8950-A3C16DB59681}
	EndGlobalSection
EndGlobal
