
Microsoft Visual Studio Solution File, Format Version 12.00
Project("{FAE04EC0-301F-11D3-BF4B-00C04F79EFBC}") = "BaseApiEndpoint", "BaseApiEndpoint\BaseApiEndpoint.csproj", "{62F5F038-C2B1-4DBA-BB78-36D224294124}"
EndProject
Project("{2150E333-8FDC-42A3-9474-1A3956D46DE8}") = "UserMicroservice", "UserMicroservice", "{DBF8B4E4-336C-400F-8B0A-C5ED3FEA89EE}"
EndProject
Project("{2150E333-8FDC-42A3-9474-1A3956D46DE8}") = "PostMicroservice", "PostMicroservice", "{299F2D60-8CBE-461A-B2C4-F2493149FF94}"
EndProject
Project("{2150E333-8FDC-42A3-9474-1A3956D46DE8}") = "ChatsMicroservice", "ChatsMicroservice", "{E6EC0371-9C43-4482-B5A3-3B1C3B74C51A}"
EndProject
Project("{2150E333-8FDC-42A3-9474-1A3956D46DE8}") = "AgentMicroservice", "AgentMicroservice", "{208D54E9-05DE-4F7F-8950-A3C16DB59681}"
EndProject
Project("{FAE04EC0-301F-11D3-BF4B-00C04F79EFBC}") = "BaseApiModel", "BaseApiModel\BaseApiModel.csproj", "{ED5B7EA9-D104-4713-A3B9-75A604CB7378}"
EndProject
Project("{FAE04EC0-301F-11D3-BF4B-00C04F79EFBC}") = "BaseApiServices", "BaseApiServices\BaseApiServices.csproj", "{463ED7B1-BEAA-4D78-84AC-A8F19A299862}"
EndProject
Project("{FAE04EC0-301F-11D3-BF4B-00C04F79EFBC}") = "PostEndpoint", "PostEndpoint\PostEndpoint.csproj", "{529402B5-A2BB-4668-8E71-748339834725}"
EndProject
Project("{2150E333-8FDC-42A3-9474-1A3956D46DE8}") = "Shared", "Shared", "{6A6FDD23-28B7-48B7-A648-3BC1C3934691}"
EndProject
Project("{FAE04EC0-301F-11D3-BF4B-00C04F79EFBC}") = "Shared", "Shared\Shared.csproj", "{3B452851-25DD-4B51-BA6E-D82FBA5413E5}"
EndProject
Project("{FAE04EC0-301F-11D3-BF4B-00C04F79EFBC}") = "PostEndpointModel", "PostEndpointModel\PostEndpointModel.csproj", "{3AD5C19A-B4E4-4A26-BB35-3621ECACC5B9}"
EndProject
Project("{FAE04EC0-301F-11D3-BF4B-00C04F79EFBC}") = "ChatsApiEndpoint", "ChatsApiEndpoint\ChatsApiEndpoint.csproj", "{15114447-42F5-4E47-9F50-864FC606FE22}"
EndProject
Project("{FAE04EC0-301F-11D3-BF4B-00C04F79EFBC}") = "ChatApiModel", "ChatApiModel\ChatApiModel.csproj", "{0F20A0AC-6980-4FA5-811E-FE0CC3236094}"
EndProject
Project("{FAE04EC0-301F-11D3-BF4B-00C04F79EFBC}") = "AgentApiEndpoint", "AgentApiEndpoint\AgentApiEndpoint.csproj", "{5099061C-12F0-400A-AF32-60A81831497C}"
EndProject
Project("{FAE04EC0-301F-11D3-BF4B-00C04F79EFBC}") = "AgentApiModel", "AgentApiModel\AgentApiModel.csproj", "{3295C060-D008-462B-91E9-F38DE89A0481}"
EndProject
Global
	GlobalSection(SolutionConfigurationPlatforms) = preSolution
		Debug|Any CPU = Debug|Any CPU
		Release|Any CPU = Release|Any CPU
	EndGlobalSection
	GlobalSection(ProjectConfigurationPlatforms) = postSolution
		{62F5F038-C2B1-4DBA-BB78-36D224294124}.Debug|Any CPU.ActiveCfg = Debug|Any CPU
		{62F5F038-C2B1-4DBA-BB78-36D224294124}.Debug|Any CPU.Build.0 = Debug|Any CPU
		{62F5F038-C2B1-4DBA-BB78-36D224294124}.Release|Any CPU.ActiveCfg = Release|Any CPU
		{62F5F038-C2B1-4DBA-BB78-36D224294124}.Release|Any CPU.Build.0 = Release|Any CPU
		{ED5B7EA9-D104-4713-A3B9-75A604CB7378}.Debug|Any CPU.ActiveCfg = Debug|Any CPU
		{ED5B7EA9-D104-4713-A3B9-75A604CB7378}.Debug|Any CPU.Build.0 = Debug|Any CPU
		{ED5B7EA9-D104-4713-A3B9-75A604CB7378}.Release|Any CPU.ActiveCfg = Release|Any CPU
		{ED5B7EA9-D104-4713-A3B9-75A604CB7378}.Release|Any CPU.Build.0 = Release|Any CPU
		{463ED7B1-BEAA-4D78-84AC-A8F19A299862}.Debug|Any CPU.ActiveCfg = Debug|Any CPU
		{463ED7B1-BEAA-4D78-84AC-A8F19A299862}.Debug|Any CPU.Build.0 = Debug|Any CPU
		{463ED7B1-BEAA-4D78-84AC-A8F19A299862}.Release|Any CPU.ActiveCfg = Release|Any CPU
		{463ED7B1-BEAA-4D78-84AC-A8F19A299862}.Release|Any CPU.Build.0 = Release|Any CPU
		{529402B5-A2BB-4668-8E71-748339834725}.Debug|Any CPU.ActiveCfg = Debug|Any CPU
		{529402B5-A2BB-4668-8E71-748339834725}.Debug|Any CPU.Build.0 = Debug|Any CPU
		{529402B5-A2BB-4668-8E71-748339834725}.Release|Any CPU.ActiveCfg = Release|Any CPU
		{529402B5-A2BB-4668-8E71-748339834725}.Release|Any CPU.Build.0 = Release|Any CPU
		{3B452851-25DD-4B51-BA6E-D82FBA5413E5}.Debug|Any CPU.ActiveCfg = Debug|Any CPU
		{3B452851-25DD-4B51-BA6E-D82FBA5413E5}.Debug|Any CPU.Build.0 = Debug|Any CPU
		{3B452851-25DD-4B51-BA6E-D82FBA5413E5}.Release|Any CPU.ActiveCfg = Release|Any CPU
		{3B452851-25DD-4B51-BA6E-D82FBA5413E5}.Release|Any CPU.Build.0 = Release|Any CPU
		{3AD5C19A-B4E4-4A26-BB35-3621ECACC5B9}.Debug|Any CPU.ActiveCfg = Debug|Any CPU
		{3AD5C19A-B4E4-4A26-BB35-3621ECACC5B9}.Debug|Any CPU.Build.0 = Debug|Any CPU
		{3AD5C19A-B4E4-4A26-BB35-3621ECACC5B9}.Release|Any CPU.ActiveCfg = Release|Any CPU
		{3AD5C19A-B4E4-4A26-BB35-3621ECACC5B9}.Release|Any CPU.Build.0 = Release|Any CPU
		{15114447-42F5-4E47-9F50-864FC606FE22}.Debug|Any CPU.ActiveCfg = Debug|Any CPU
		{15114447-42F5-4E47-9F50-864FC606FE22}.Debug|Any CPU.Build.0 = Debug|Any CPU
		{15114447-42F5-4E47-9F50-864FC606FE22}.Release|Any CPU.ActiveCfg = Release|Any CPU
		{15114447-42F5-4E47-9F50-864FC606FE22}.Release|Any CPU.Build.0 = Release|Any CPU
		{0F20A0AC-6980-4FA5-811E-FE0CC3236094}.Debug|Any CPU.ActiveCfg = Debug|Any CPU
		{0F20A0AC-6980-4FA5-811E-FE0CC3236094}.Debug|Any CPU.Build.0 = Debug|Any CPU
		{0F20A0AC-6980-4FA5-811E-FE0CC3236094}.Release|Any CPU.ActiveCfg = Release|Any CPU
		{0F20A0AC-6980-4FA5-811E-FE0CC3236094}.Release|Any CPU.Build.0 = Release|Any CPU
		{5099061C-12F0-400A-AF32-60A81831497C}.Debug|Any CPU.ActiveCfg = Debug|Any CPU
		{5099061C-12F0-400A-AF32-60A81831497C}.Debug|Any CPU.Build.0 = Debug|Any CPU
		{5099061C-12F0-400A-AF32-60A81831497C}.Release|Any CPU.ActiveCfg = Release|Any CPU
		{5099061C-12F0-400A-AF32-60A81831497C}.Release|Any CPU.Build.0 = Release|Any CPU
		{3295C060-D008-462B-91E9-F38DE89A0481}.Debug|Any CPU.ActiveCfg = Debug|Any CPU
		{3295C060-D008-462B-91E9-F38DE89A0481}.Debug|Any CPU.Build.0 = Debug|Any CPU
		{3295C060-D008-462B-91E9-F38DE89A0481}.Release|Any CPU.ActiveCfg = Release|Any CPU
		{3295C060-D008-462B-91E9-F38DE89A0481}.Release|Any CPU.Build.0 = Release|Any CPU
	EndGlobalSection
	GlobalSection(NestedProjects) = preSolution
		{62F5F038-C2B1-4DBA-BB78-36D224294124} = {DBF8B4E4-336C-400F-8B0A-C5ED3FEA89EE}
		{ED5B7EA9-D104-4713-A3B9-75A604CB7378} = {DBF8B4E4-336C-400F-8B0A-C5ED3FEA89EE}
		{463ED7B1-BEAA-4D78-84AC-A8F19A299862} = {DBF8B4E4-336C-400F-8B0A-C5ED3FEA89EE}
		{529402B5-A2BB-4668-8E71-748339834725} = {299F2D60-8CBE-461A-B2C4-F2493149FF94}
		{3B452851-25DD-4B51-BA6E-D82FBA5413E5} = {6A6FDD23-28B7-48B7-A648-3BC1C3934691}
		{3AD5C19A-B4E4-4A26-BB35-3621ECACC5B9} = {299F2D60-8CBE-461A-B2C4-F2493149FF94}
		{15114447-42F5-4E47-9F50-864FC606FE22} = {E6EC0371-9C43-4482-B5A3-3B1C3B74C51A}
		{0F20A0AC-6980-4FA5-811E-FE0CC3236094} = {E6EC0371-9C43-4482-B5A3-3B1C3B74C51A}
		{5099061C-12F0-400A-AF32-60A81831497C} = {208D54E9-05DE-4F7F-8950-A3C16DB59681}
		{3295C060-D008-462B-91E9-F38DE89A0481} = {208D54E9-05DE-4F7F-8950-A3C16DB59681}
	EndGlobalSection
EndGlobal
